
Microsoft Visual Studio Solution File, Format Version 12.00
# Visual Studio Version 17
VisualStudioVersion = 17.12.35527.113
MinimumVisualStudioVersion = 10.0.40219.1
Project("{FAE04EC0-301F-11D3-BF4B-00C04F79EFBC}") = "FUNewsManagementMVC", "FUNewsManagementMVC\FUNewsManagementMVC.csproj", "{15418D56-B0E3-4301-A60C-5DEA85CD4FE1}"
EndProject
Project("{FAE04EC0-301F-11D3-BF4B-00C04F79EFBC}") = "FUNews.BLL", "FUNews.BLL\FUNews.BLL.csproj", "{21B20AFB-9BC0-4125-9BE6-3EB533185221}"
EndProject
Project("{FAE04EC0-301F-11D3-BF4B-00C04F79EFBC}") = "FUNews.DAL", "FUNews.DAL\FUNews.DAL.csproj", "{1F8488D4-C00C-4B77-A8FA-ADA1621C4317}"
EndProject
Project("{FAE04EC0-301F-11D3-BF4B-00C04F79EFBC}") = "BusinessObjects", "BusinessObjects\BusinessObjects.csproj", "{1031F759-42BE-4B3E-BDE2-07D82CDFA925}"
EndProject
Global
	GlobalSection(SolutionConfigurationPlatforms) = preSolution
		Debug|Any CPU = Debug|Any CPU
		Release|Any CPU = Release|Any CPU
	EndGlobalSection
	GlobalSection(ProjectConfigurationPlatforms) = postSolution
		{15418D56-B0E3-4301-A60C-5DEA85CD4FE1}.Debug|Any CPU.ActiveCfg = Debug|Any CPU
		{15418D56-B0E3-4301-A60C-5DEA85CD4FE1}.Debug|Any CPU.Build.0 = Debug|Any CPU
		{15418D56-B0E3-4301-A60C-5DEA85CD4FE1}.Release|Any CPU.ActiveCfg = Release|Any CPU
		{15418D56-B0E3-4301-A60C-5DEA85CD4FE1}.Release|Any CPU.Build.0 = Release|Any CPU
		{21B20AFB-9BC0-4125-9BE6-3EB533185221}.Debug|Any CPU.ActiveCfg = Debug|Any CPU
		{21B20AFB-9BC0-4125-9BE6-3EB533185221}.Debug|Any CPU.Build.0 = Debug|Any CPU
		{21B20AFB-9BC0-4125-9BE6-3EB533185221}.Release|Any CPU.ActiveCfg = Release|Any CPU
		{21B20AFB-9BC0-4125-9BE6-3EB533185221}.Release|Any CPU.Build.0 = Release|Any CPU
		{1F8488D4-C00C-4B77-A8FA-ADA1621C4317}.Debug|Any CPU.ActiveCfg = Debug|Any CPU
		{1F8488D4-C00C-4B77-A8FA-ADA1621C4317}.Debug|Any CPU.Build.0 = Debug|Any CPU
		{1F8488D4-C00C-4B77-A8FA-ADA1621C4317}.Release|Any CPU.ActiveCfg = Release|Any CPU
		{1F8488D4-C00C-4B77-A8FA-ADA1621C4317}.Release|Any CPU.Build.0 = Release|Any CPU
		{1031F759-42BE-4B3E-BDE2-07D82CDFA925}.Debug|Any CPU.ActiveCfg = Debug|Any CPU
		{1031F759-42BE-4B3E-BDE2-07D82CDFA925}.Debug|Any CPU.Build.0 = Debug|Any CPU
		{1031F759-42BE-4B3E-BDE2-07D82CDFA925}.Release|Any CPU.ActiveCfg = Release|Any CPU
		{1031F759-42BE-4B3E-BDE2-07D82CDFA925}.Release|Any CPU.Build.0 = Release|Any CPU
	EndGlobalSection
	GlobalSection(SolutionProperties) = preSolution
		HideSolutionNode = FALSE
	EndGlobalSection
EndGlobal
